
Microsoft Visual Studio Solution File, Format Version 12.00
# Visual Studio Version 17
VisualStudioVersion = 17.8.34316.72
MinimumVisualStudioVersion = 10.0.40219.1
Project("{FAE04EC0-301F-11D3-BF4B-00C04F79EFBC}") = "be-magang", "be-magang.csproj", "{D9FCB5E3-AF30-485D-A34B-B0094B047786}"
EndProject
Global
	GlobalSection(SolutionConfigurationPlatforms) = preSolution
		Debug|Any CPU = Debug|Any CPU
		Release|Any CPU = Release|Any CPU
	EndGlobalSection
	GlobalSection(ProjectConfigurationPlatforms) = postSolution
		{D9FCB5E3-AF30-485D-A34B-B0094B047786}.Debug|Any CPU.ActiveCfg = Debug|Any CPU
		{D9FCB5E3-AF30-485D-A34B-B0094B047786}.Debug|Any CPU.Build.0 = Debug|Any CPU
		{D9FCB5E3-AF30-485D-A34B-B0094B047786}.Release|Any CPU.ActiveCfg = Release|Any CPU
		{D9FCB5E3-AF30-485D-A34B-B0094B047786}.Release|Any CPU.Build.0 = Release|Any CPU
	EndGlobalSection
	GlobalSection(SolutionProperties) = preSolution
		HideSolutionNode = FALSE
	EndGlobalSection
	GlobalSection(ExtensibilityGlobals) = postSolution
		SolutionGuid = {205CF0A8-AD54-4DF3-A90B-67616F34473E}
	EndGlobalSection
EndGlobal
